
Microsoft Visual Studio Solution File, Format Version 12.00
# Visual Studio Version 16
VisualStudioVersion = 16.0.29123.88
MinimumVisualStudioVersion = 10.0.40219.1
Project("{FAE04EC0-301F-11D3-BF4B-00C04F79EFBC}") = "shifumi", "shifumi\shifumi.csproj", "{DE31DEE4-AE75-4ADE-8F47-86F84AF27F6E}"
EndProject
Global
	GlobalSection(SolutionConfigurationPlatforms) = preSolution
		Debug|Any CPU = Debug|Any CPU
		Release|Any CPU = Release|Any CPU
	EndGlobalSection
	GlobalSection(ProjectConfigurationPlatforms) = postSolution
		{DE31DEE4-AE75-4ADE-8F47-86F84AF27F6E}.Debug|Any CPU.ActiveCfg = Debug|Any CPU
		{DE31DEE4-AE75-4ADE-8F47-86F84AF27F6E}.Debug|Any CPU.Build.0 = Debug|Any CPU
		{DE31DEE4-AE75-4ADE-8F47-86F84AF27F6E}.Release|Any CPU.ActiveCfg = Release|Any CPU
		{DE31DEE4-AE75-4ADE-8F47-86F84AF27F6E}.Release|Any CPU.Build.0 = Release|Any CPU
	EndGlobalSection
	GlobalSection(SolutionProperties) = preSolution
		HideSolutionNode = FALSE
	EndGlobalSection
	GlobalSection(ExtensibilityGlobals) = postSolution
		SolutionGuid = {4AD0A3C7-D42F-484A-AC8A-14C374E183F3}
	EndGlobalSection
EndGlobal
